
Microsoft Visual Studio Solution File, Format Version 12.00
# Visual Studio 2012
Project("{FAE04EC0-301F-11D3-BF4B-00C04F79EFBC}") = "OperatorOverloading.Host", "OperatorOverloading.Host.csproj", "{7641E8E2-89AA-43C1-A24D-635801B62148}"
EndProject
Project("{FAE04EC0-301F-11D3-BF4B-00C04F79EFBC}") = "OperatorOverloading.Model", "..\OperatorOverloading.Model\OperatorOverloading.Model.csproj", "{54B778BB-DEA3-4927-9DC3-A593FAD3C3EF}"
EndProject
Project("{FAE04EC0-301F-11D3-BF4B-00C04F79EFBC}") = "OperatorOverloading.Dbl", "..\ClassLibrary1\OperatorOverloading.Dbl.csproj", "{B1296F0F-44A9-448A-BC19-D1B565B948CA}"
EndProject
Project("{FAE04EC0-301F-11D3-BF4B-00C04F79EFBC}") = "OperatorOverloading.Interfaces", "OperatorOverloading.Parse\OperatorOverloading.Interfaces.csproj", "{FA2BF3C4-A1EC-451A-9214-24C725899F7B}"
EndProject
Project("{FAE04EC0-301F-11D3-BF4B-00C04F79EFBC}") = "OperatorOverloading.UnitTest", "OperatorOverloading.UnitTest\OperatorOverloading.UnitTest.csproj", "{EFA6F95D-5535-4B66-8A27-4DEB4F9FB09B}"
EndProject
Global
	GlobalSection(SolutionConfigurationPlatforms) = preSolution
		Debug|Any CPU = Debug|Any CPU
		Release|Any CPU = Release|Any CPU
	EndGlobalSection
	GlobalSection(ProjectConfigurationPlatforms) = postSolution
		{7641E8E2-89AA-43C1-A24D-635801B62148}.Debug|Any CPU.ActiveCfg = Debug|Any CPU
		{7641E8E2-89AA-43C1-A24D-635801B62148}.Debug|Any CPU.Build.0 = Debug|Any CPU
		{7641E8E2-89AA-43C1-A24D-635801B62148}.Release|Any CPU.ActiveCfg = Release|Any CPU
		{7641E8E2-89AA-43C1-A24D-635801B62148}.Release|Any CPU.Build.0 = Release|Any CPU
		{54B778BB-DEA3-4927-9DC3-A593FAD3C3EF}.Debug|Any CPU.ActiveCfg = Debug|Any CPU
		{54B778BB-DEA3-4927-9DC3-A593FAD3C3EF}.Debug|Any CPU.Build.0 = Debug|Any CPU
		{54B778BB-DEA3-4927-9DC3-A593FAD3C3EF}.Release|Any CPU.ActiveCfg = Release|Any CPU
		{54B778BB-DEA3-4927-9DC3-A593FAD3C3EF}.Release|Any CPU.Build.0 = Release|Any CPU
		{B1296F0F-44A9-448A-BC19-D1B565B948CA}.Debug|Any CPU.ActiveCfg = Debug|Any CPU
		{B1296F0F-44A9-448A-BC19-D1B565B948CA}.Debug|Any CPU.Build.0 = Debug|Any CPU
		{B1296F0F-44A9-448A-BC19-D1B565B948CA}.Release|Any CPU.ActiveCfg = Release|Any CPU
		{B1296F0F-44A9-448A-BC19-D1B565B948CA}.Release|Any CPU.Build.0 = Release|Any CPU
		{FA2BF3C4-A1EC-451A-9214-24C725899F7B}.Debug|Any CPU.ActiveCfg = Debug|Any CPU
		{FA2BF3C4-A1EC-451A-9214-24C725899F7B}.Debug|Any CPU.Build.0 = Debug|Any CPU
		{FA2BF3C4-A1EC-451A-9214-24C725899F7B}.Release|Any CPU.ActiveCfg = Release|Any CPU
		{FA2BF3C4-A1EC-451A-9214-24C725899F7B}.Release|Any CPU.Build.0 = Release|Any CPU
		{EFA6F95D-5535-4B66-8A27-4DEB4F9FB09B}.Debug|Any CPU.ActiveCfg = Debug|Any CPU
		{EFA6F95D-5535-4B66-8A27-4DEB4F9FB09B}.Debug|Any CPU.Build.0 = Debug|Any CPU
		{EFA6F95D-5535-4B66-8A27-4DEB4F9FB09B}.Release|Any CPU.ActiveCfg = Release|Any CPU
		{EFA6F95D-5535-4B66-8A27-4DEB4F9FB09B}.Release|Any CPU.Build.0 = Release|Any CPU
	EndGlobalSection
	GlobalSection(SolutionProperties) = preSolution
		HideSolutionNode = FALSE
	EndGlobalSection
EndGlobal
