
Microsoft Visual Studio Solution File, Format Version 12.00
# Visual Studio 2012
Project("{FAE04EC0-301F-11D3-BF4B-00C04F79EFBC}") = "Test_RoleBasedAccess", "C:\Users\akardile\Documents\UnitTestProject1\UnitTestProject1\Test_RoleBasedAccess.csproj", "{7AFA27FE-BF16-47E2-B129-B5FD64AB3C0C}"
EndProject
Global
	GlobalSection(SolutionConfigurationPlatforms) = preSolution
		Debug|Any CPU = Debug|Any CPU
		Release|Any CPU = Release|Any CPU
	EndGlobalSection
	GlobalSection(ProjectConfigurationPlatforms) = postSolution
		{7AFA27FE-BF16-47E2-B129-B5FD64AB3C0C}.Debug|Any CPU.ActiveCfg = Debug|Any CPU
		{7AFA27FE-BF16-47E2-B129-B5FD64AB3C0C}.Debug|Any CPU.Build.0 = Debug|Any CPU
		{7AFA27FE-BF16-47E2-B129-B5FD64AB3C0C}.Release|Any CPU.ActiveCfg = Release|Any CPU
		{7AFA27FE-BF16-47E2-B129-B5FD64AB3C0C}.Release|Any CPU.Build.0 = Release|Any CPU
	EndGlobalSection
	GlobalSection(SolutionProperties) = preSolution
		HideSolutionNode = FALSE
	EndGlobalSection
EndGlobal
